
Microsoft Visual Studio Solution File, Format Version 12.00
# Visual Studio Version 16
VisualStudioVersion = 16.0.31624.102
MinimumVisualStudioVersion = 10.0.40219.1
Project("{FAE04EC0-301F-11D3-BF4B-00C04F79EFBC}") = "senai.darede.WebAPI", "senai.darede.WebAPI.csproj", "{905DAFC2-C7EB-4011-A92F-337901A5EBA2}"
EndProject
Global
	GlobalSection(SolutionConfigurationPlatforms) = preSolution
		Debug|Any CPU = Debug|Any CPU
		Release|Any CPU = Release|Any CPU
	EndGlobalSection
	GlobalSection(ProjectConfigurationPlatforms) = postSolution
		{905DAFC2-C7EB-4011-A92F-337901A5EBA2}.Debug|Any CPU.ActiveCfg = Debug|Any CPU
		{905DAFC2-C7EB-4011-A92F-337901A5EBA2}.Debug|Any CPU.Build.0 = Debug|Any CPU
		{905DAFC2-C7EB-4011-A92F-337901A5EBA2}.Release|Any CPU.ActiveCfg = Release|Any CPU
		{905DAFC2-C7EB-4011-A92F-337901A5EBA2}.Release|Any CPU.Build.0 = Release|Any CPU
	EndGlobalSection
	GlobalSection(SolutionProperties) = preSolution
		HideSolutionNode = FALSE
	EndGlobalSection
	GlobalSection(ExtensibilityGlobals) = postSolution
		SolutionGuid = {72F221BB-50B2-457F-9A78-BE9E5D909D98}
	EndGlobalSection
EndGlobal
